Microsoft Visual Studio Solution File, Format Version 12.00
# Visual Studio Version 17
VisualStudioVersion = 17.5.2.0
MinimumVisualStudioVersion = 10.0.40219.1
Project("{FAE04EC0-301F-11D3-BF4B-00C04F79EFBC}") = "pyatform", "pyatform.csproj", "{5193EAB6-66E1-352D-7F69-2617E0F6BA36}"
EndProject
Global
	GlobalSection(SolutionConfigurationPlatforms) = preSolution
		Debug|Any CPU = Debug|Any CPU
		Release|Any CPU = Release|Any CPU
	EndGlobalSection
	GlobalSection(ProjectConfigurationPlatforms) = postSolution
		{5193EAB6-66E1-352D-7F69-2617E0F6BA36}.Debug|Any CPU.ActiveCfg = Debug|Any CPU
		{5193EAB6-66E1-352D-7F69-2617E0F6BA36}.Debug|Any CPU.Build.0 = Debug|Any CPU
		{5193EAB6-66E1-352D-7F69-2617E0F6BA36}.Release|Any CPU.ActiveCfg = Release|Any CPU
		{5193EAB6-66E1-352D-7F69-2617E0F6BA36}.Release|Any CPU.Build.0 = Release|Any CPU
	EndGlobalSection
	GlobalSection(SolutionProperties) = preSolution
		HideSolutionNode = FALSE
	EndGlobalSection
	GlobalSection(ExtensibilityGlobals) = postSolution
		SolutionGuid = {B3F52833-EA83-4760-8031-F76AC20F227E}
	EndGlobalSection
EndGlobal
